# THIS IS AN AUTOGENERATED FILE. DO NOT EDIT THIS FILE DIRECTLY.
# yarn lockfile v1


"@babel/runtime@7.1.2":
  version "7.1.2"
  resolved "https://registry.yarnpkg.com/@babel/runtime/-/runtime-7.1.2.tgz#81c89935f4647706fc54541145e6b4ecfef4b8e3"
  integrity sha512-Y3SCjmhSupzFB6wcv1KmmFucH6gDVnI30WjOcicV10ju0cZjak3Jcs67YLIXBrmZYw1xCrVeJPbycFwrqNyxpg==
  dependencies:
    regenerator-runtime "^0.12.0"

cornerstone-core@^2.3.0:
  version "2.3.0"
  resolved "https://registry.yarnpkg.com/cornerstone-core/-/cornerstone-core-2.3.0.tgz#b16430b0dc3883c795fbbd5f64d0f6357f91c889"
  integrity sha512-1LiCfRIlQvR1j8OhF7/3pvvQvvnTYZUywEkuoEo5K5mMrlKdrQMS75uW1uXb/nXShQDJyyjtTCQSVGgv2yHA+w==

cornerstone-math@0.1.7:
  version "0.1.7"
  resolved "https://registry.yarnpkg.com/cornerstone-math/-/cornerstone-math-0.1.7.tgz#7c55536f02e7221b05fc49a4c780bb82c234ce39"
  integrity sha512-svsDSoqLNFM9niCV2AtV2DNmRkYztT1v80lVdbA5hkgdGdpWg5/h2On794zbqBK+aI3hNOHufERDsI4wdXGknA==

cornerstone-tools@^4.9.0:
  version "4.9.0"
  resolved "https://registry.yarnpkg.com/cornerstone-tools/-/cornerstone-tools-4.9.0.tgz#8b68603c32aceb84baf860f4dd0d36ac176e8b75"
  integrity sha512-6yHzXm4qn7VuHMRiaV/oS3khdMidtTho6P1OIYICqZ2pmorsH8jN8LvNgqz+Ky9Nf+wvrvi7ul8ZzcD1sJTkWA==
  dependencies:
    "@babel/runtime" "7.1.2"
    cornerstone-math "0.1.7"

regenerator-runtime@^0.12.0:
  version "0.12.1"
  resolved "https://registry.yarnpkg.com/regenerator-runtime/-/regenerator-runtime-0.12.1.tgz#fa1a71544764c036f8c49b13a08b2594c9f8a0de"
  integrity sha512-odxIc1/vDlo4iZcfXqRYFj0vpXFNoGdKMAUieAlFYO6m/nl5e9KR/beGf41z4a1FI+aQgtjhuaSlDxQ0hmkrHg==
